{
    "name": "Creator Insights - Knowledge Base",
    "version": "1.0.0",
    "lockfileVersion": 2,
    "requires": true,
    "packages": {
        "": {
            "name": "Creator Insights - Knowledge Base",
            "version": "1.0.0",
            "hasInstallScript": true,
            "license": "GPLv3"
        }
    }
}
